{
  "nodes": {
    "crane": {
      "inputs": {
        "flake-compat": "flake-compat",
        "flake-utils": "flake-utils",
        "nixpkgs": "nixpkgs",
        "rust-overlay": "rust-overlay"
      },
      "locked": {
        "lastModified": 1693787605,
        "narHash": "sha256-rwq5U8dy+a9JFny/73L0SJu1GfWwATMPMTp7D+mjHy8=",
        "owner": "ipetkov",
        "repo": "crane",
        "rev": "8b4f7a4dab2120cf41e7957a28a853f45016bd9d",
        "type": "github"
      },
      "original": {
        "owner": "ipetkov",
        "repo": "crane",
        "type": "github"
      }
    },
    "fl": {
      "inputs": {
        "nixpkgs": [
          "nixpkgs"
        ]
      },
      "locked": {
        "lastModified": 1695268430,
        "narHash": "sha256-iR+JGU/+HvVVY2oPfb10umY/udAb04Xu/M3QEGy2iI8=",
        "owner": "accelbread",
        "repo": "flakelight",
        "rev": "b0fd6a391c24e03b2baf2a2cf519e9a980adbcdd",
        "type": "github"
      },
      "original": {
        "owner": "accelbread",
        "repo": "flakelight",
        "type": "github"
      }
    },
    "fl-rust": {
      "inputs": {
        "crane": "crane",
        "flakelight": [
          "fl"
        ]
      },
      "locked": {
        "lastModified": 1695277816,
        "narHash": "sha256-TtcEAMqqdh6NtlKf7sMipR2JFxKf9LnjH8PFzwABOVc=",
        "owner": "accelbread",
        "repo": "flakelight-rust",
        "rev": "78ad9b280ac4c28d0ade4fe3c28ace22e2bd0be6",
        "type": "github"
      },
      "original": {
        "owner": "accelbread",
        "repo": "flakelight-rust",
        "type": "github"
      }
    },
    "flake-compat": {
      "flake": false,
      "locked": {
        "lastModified": 1673956053,
        "narHash": "sha256-4gtG9iQuiKITOjNQQeQIpoIB6b16fm+504Ch3sNKLd8=",
        "owner": "edolstra",
        "repo": "flake-compat",
        "rev": "35bb57c0c8d8b62bbfd284272c928ceb64ddbde9",
        "type": "github"
      },
      "original": {
        "owner": "edolstra",
        "repo": "flake-compat",
        "type": "github"
      }
    },
    "flake-utils": {
      "inputs": {
        "systems": "systems"
      },
      "locked": {
        "lastModified": 1692799911,
        "narHash": "sha256-3eihraek4qL744EvQXsK1Ha6C3CR7nnT8X2qWap4RNk=",
        "owner": "numtide",
        "repo": "flake-utils",
        "rev": "f9e7cf818399d17d347f847525c5a5a8032e4e44",
        "type": "github"
      },
      "original": {
        "owner": "numtide",
        "repo": "flake-utils",
        "type": "github"
      }
    },
    "nixpkgs": {
      "locked": {
        "lastModified": 1693654884,
        "narHash": "sha256-EqKKEl+IOS8TSjkt+xn1qGpsjnx5/ag33YNQ1+c7OuM=",
        "owner": "NixOS",
        "repo": "nixpkgs",
        "rev": "e7f35e03abd06a2faef6684d0de813370e13bda8",
        "type": "github"
      },
      "original": {
        "owner": "NixOS",
        "ref": "nixpkgs-unstable",
        "repo": "nixpkgs",
        "type": "github"
      }
    },
    "nixpkgs_2": {
      "locked": {
        "lastModified": 1694959747,
        "narHash": "sha256-CXQ2MuledDVlVM5dLC4pB41cFlBWxRw4tCBsFrq3cRk=",
        "owner": "NixOS",
        "repo": "nixpkgs",
        "rev": "970a59bd19eff3752ce552935687100c46e820a5",
        "type": "github"
      },
      "original": {
        "id": "nixpkgs",
        "ref": "nixos-unstable",
        "type": "indirect"
      }
    },
    "root": {
      "inputs": {
        "fl": "fl",
        "fl-rust": "fl-rust",
        "nixpkgs": "nixpkgs_2"
      }
    },
    "rust-overlay": {
      "inputs": {
        "flake-utils": [
          "fl-rust",
          "crane",
          "flake-utils"
        ],
        "nixpkgs": [
          "fl-rust",
          "crane",
          "nixpkgs"
        ]
      },
      "locked": {
        "lastModified": 1693707092,
        "narHash": "sha256-HR1EnynBSPqbt+04/yxxqsG1E3n6uXrOl7SPco/UnYo=",
        "owner": "oxalica",
        "repo": "rust-overlay",
        "rev": "98ccb73e6eefc481da6039ee57ad8818d1ca8d56",
        "type": "github"
      },
      "original": {
        "owner": "oxalica",
        "repo": "rust-overlay",
        "type": "github"
      }
    },
    "systems": {
      "locked": {
        "lastModified": 1681028828,
        "narHash": "sha256-Vy1rq5AaRuLzOxct8nz4T6wlgyUR7zLU309k9mBC768=",
        "owner": "nix-systems",
        "repo": "default",
        "rev": "da67096a3b9bf56a91d16901293e51ba5b49a27e",
        "type": "github"
      },
      "original": {
        "owner": "nix-systems",
        "repo": "default",
        "type": "github"
      }
    }
  },
  "root": "root",
  "version": 7
}
